
Microsoft Visual Studio Solution File, Format Version 12.00
# Visual Studio Version 17
VisualStudioVersion = 17.3.32929.385
MinimumVisualStudioVersion = 10.0.40219.1
Project("{FAE04EC0-301F-11D3-BF4B-00C04F79EFBC}") = "For Dina", "For Dina\For Dina.csproj", "{5DB74A75-7FDC-4900-A8C7-BF8FB8FACB99}"
EndProject
Project("{FAE04EC0-301F-11D3-BF4B-00C04F79EFBC}") = "Tumakov", "Tumakov\Tumakov.csproj", "{CC1214EA-791F-4C02-9369-BB168E8F9E37}"
EndProject
Global
	GlobalSection(SolutionConfigurationPlatforms) = preSolution
		Debug|Any CPU = Debug|Any CPU
		Release|Any CPU = Release|Any CPU
	EndGlobalSection
	GlobalSection(ProjectConfigurationPlatforms) = postSolution
		{5DB74A75-7FDC-4900-A8C7-BF8FB8FACB99}.Debug|Any CPU.ActiveCfg = Debug|Any CPU
		{5DB74A75-7FDC-4900-A8C7-BF8FB8FACB99}.Debug|Any CPU.Build.0 = Debug|Any CPU
		{5DB74A75-7FDC-4900-A8C7-BF8FB8FACB99}.Release|Any CPU.ActiveCfg = Release|Any CPU
		{5DB74A75-7FDC-4900-A8C7-BF8FB8FACB99}.Release|Any CPU.Build.0 = Release|Any CPU
		{CC1214EA-791F-4C02-9369-BB168E8F9E37}.Debug|Any CPU.ActiveCfg = Debug|Any CPU
		{CC1214EA-791F-4C02-9369-BB168E8F9E37}.Debug|Any CPU.Build.0 = Debug|Any CPU
		{CC1214EA-791F-4C02-9369-BB168E8F9E37}.Release|Any CPU.ActiveCfg = Release|Any CPU
		{CC1214EA-791F-4C02-9369-BB168E8F9E37}.Release|Any CPU.Build.0 = Release|Any CPU
	EndGlobalSection
	GlobalSection(SolutionProperties) = preSolution
		HideSolutionNode = FALSE
	EndGlobalSection
	GlobalSection(ExtensibilityGlobals) = postSolution
		SolutionGuid = {C34DF7F4-31C8-456A-B156-480702D12383}
	EndGlobalSection
EndGlobal
